
Microsoft Visual Studio Solution File, Format Version 12.00
# Visual Studio Version 16
VisualStudioVersion = 16.0.29706.110
MinimumVisualStudioVersion = 10.0.40219.1
Project("{FAE04EC0-301F-11D3-BF4B-00C04F79EFBC}") = "NuGetPackageTest", "NuGetPackageTest\NuGetPackageTest.csproj", "{95A8E50B-B6DF-4FE7-BA5D-637FAEE2550E}"
EndProject
Global
	GlobalSection(SolutionConfigurationPlatforms) = preSolution
		Debug|Any CPU = Debug|Any CPU
		Release|Any CPU = Release|Any CPU
	EndGlobalSection
	GlobalSection(ProjectConfigurationPlatforms) = postSolution
		{95A8E50B-B6DF-4FE7-BA5D-637FAEE2550E}.Debug|Any CPU.ActiveCfg = Debug|Any CPU
		{95A8E50B-B6DF-4FE7-BA5D-637FAEE2550E}.Debug|Any CPU.Build.0 = Debug|Any CPU
		{95A8E50B-B6DF-4FE7-BA5D-637FAEE2550E}.Release|Any CPU.ActiveCfg = Release|Any CPU
		{95A8E50B-B6DF-4FE7-BA5D-637FAEE2550E}.Release|Any CPU.Build.0 = Release|Any CPU
	EndGlobalSection
	GlobalSection(SolutionProperties) = preSolution
		HideSolutionNode = FALSE
	EndGlobalSection
	GlobalSection(ExtensibilityGlobals) = postSolution
		SolutionGuid = {53BB9828-15DF-4887-9E8F-BD0B25B3ED93}
	EndGlobalSection
EndGlobal
